// !$*UTF8*$!
{
	archiveVersion = 1;
	classes = {
	};
	objectVersion = 50;
	objects = {

/* Begin PBXBuildFile section */
		309E51EE24B8E48100050143 /* MrChickenAppApp.swift in Sources */ = {isa = PBXBuildFile; fileRef = 309E51ED24B8E48100050143 /* MrChickenAppApp.swift */; };
		309E51F024B8E48100050143 /* ContentView.swift in Sources */ = {isa = PBXBuildFile; fileRef = 309E51EF24B8E48100050143 /* ContentView.swift */; };
		309E51F224B8E48400050143 /* Assets.xcassets in Resources */ = {isa = PBXBuildFile; fileRef = 309E51F124B8E48400050143 /* Assets.xcassets */; };
		309E51F524B8E48400050143 /* Preview Assets.xcassets in Resources */ = {isa = PBXBuildFile; fileRef = 309E51F424B8E48400050143 /* Preview Assets.xcassets */; };
		309E520024B8E4A900050143 /* video1.mp4 in Resources */ = {isa = PBXBuildFile; fileRef = 309E51FD24B8E4A900050143 /* video1.mp4 */; };
		309E520124B8E4A900050143 /* video3.mp4 in Resources */ = {isa = PBXBuildFile; fileRef = 309E51FE24B8E4A900050143 /* video3.mp4 */; };
		309E520224B8E4A900050143 /* video2.mp4 in Resources */ = {isa = PBXBuildFile; fileRef = 309E51FF24B8E4A900050143 /* video2.mp4 */; };
		309E520424B8E4AA00050143 /* Video.swift in Sources */ = {isa = PBXBuildFile; fileRef = 309E520324B8E4AA00050143 /* Video.swift */; };
		309E520624B8E86800050143 /* VideoPlayerView.swift in Sources */ = {isa = PBXBuildFile; fileRef = 309E520524B8E86800050143 /* VideoPlayerView.swift */; };
/* End PBXBuildFile section */

/* Begin PBXFileReference section */
		309E51EA24B8E48100050143 /* MrChickenApp.app */ = {isa = PBXFileReference; explicitFileType = wrapper.application; includeInIndex = 0; path = MrChickenApp.app; sourceTree = BUILT_PRODUCTS_DIR; };
		309E51ED24B8E48100050143 /* MrChickenAppApp.swift */ = {isa = PBXFileReference; lastKnownFileType = sourcecode.swift; path = MrChickenAppApp.swift; sourceTree = "<group>"; };
		309E51EF24B8E48100050143 /* ContentView.swift */ = {isa = PBXFileReference; lastKnownFileType = sourcecode.swift; path = ContentView.swift; sourceTree = "<group>"; };
		309E51F124B8E48400050143 /* Assets.xcassets */ = {isa = PBXFileReference; lastKnownFileType = folder.assetcatalog; path = Assets.xcassets; sourceTree = "<group>"; };
		309E51F424B8E48400050143 /* Preview Assets.xcassets */ = {isa = PBXFileReference; lastKnownFileType = folder.assetcatalog; path = "Preview Assets.xcassets"; sourceTree = "<group>"; };
		309E51F624B8E48400050143 /* Info.plist */ = {isa = PBXFileReference; lastKnownFileType = text.plist.xml; path = Info.plist; sourceTree = "<group>"; };
		309E51FD24B8E4A900050143 /* video1.mp4 */ = {isa = PBXFileReference; lastKnownFileType = file; path = video1.mp4; sourceTree = "<group>"; };
		309E51FE24B8E4A900050143 /* video3.mp4 */ = {isa = PBXFileReference; lastKnownFileType = file; path = video3.mp4; sourceTree = "<group>"; };
		309E51FF24B8E4A900050143 /* video2.mp4 */ = {isa = PBXFileReference; lastKnownFileType = file; path = video2.mp4; sourceTree = "<group>"; };
		309E520324B8E4AA00050143 /* Video.swift */ = {isa = PBXFileReference; fileEncoding = 4; lastKnownFileType = sourcecode.swift; path = Video.swift; sourceTree = "<group>"; };
		309E520524B8E86800050143 /* VideoPlayerView.swift */ = {isa = PBXFileReference; lastKnownFileType = sourcecode.swift; path = VideoPlayerView.swift; sourceTree = "<group>"; };
/* End PBXFileReference section */

/* Begin PBXFrameworksBuildPhase section */
		309E51E724B8E48100050143 /* Frameworks */ = {
			isa = PBXFrameworksBuildPhase;
			buildActionMask = 2147483647;
			files = (
			);
			runOnlyForDeploymentPostprocessing = 0;
		};
/* End PBXFrameworksBuildPhase section */

/* Begin PBXGroup section */
		309E51E124B8E48100050143 = {
			isa = PBXGroup;
			children = (
				309E51EC24B8E48100050143 /* MrChickenApp */,
				309E51EB24B8E48100050143 /* Products */,
			);
			sourceTree = "<group>";
		};
		309E51EB24B8E48100050143 /* Products */ = {
			isa = PBXGroup;
			children = (
				309E51EA24B8E48100050143 /* MrChickenApp.app */,
			);
			name = Products;
			sourceTree = "<group>";
		};
		309E51EC24B8E48100050143 /* MrChickenApp */ = {
			isa = PBXGroup;
			children = (
				309E51FC24B8E4A800050143 /* Videos */,
				309E51ED24B8E48100050143 /* MrChickenAppApp.swift */,
				309E51EF24B8E48100050143 /* ContentView.swift */,
				309E520524B8E86800050143 /* VideoPlayerView.swift */,
				309E520324B8E4AA00050143 /* Video.swift */,
				309E51F124B8E48400050143 /* Assets.xcassets */,
				309E51F624B8E48400050143 /* Info.plist */,
				309E51F324B8E48400050143 /* Preview Content */,
			);
			path = MrChickenApp;
			sourceTree = "<group>";
		};
		309E51F324B8E48400050143 /* Preview Content */ = {
			isa = PBXGroup;
			children = (
				309E51F424B8E48400050143 /* Preview Assets.xcassets */,
			);
			path = "Preview Content";
			sourceTree = "<group>";
		};
		309E51FC24B8E4A800050143 /* Videos */ = {
			isa = PBXGroup;
			children = (
				309E51FD24B8E4A900050143 /* video1.mp4 */,
				309E51FF24B8E4A900050143 /* video2.mp4 */,
				309E51FE24B8E4A900050143 /* video3.mp4 */,
			);
			path = Videos;
			sourceTree = "<group>";
		};
/* End PBXGroup section */

/* Begin PBXNativeTarget section */
		309E51E924B8E48100050143 /* MrChickenApp */ = {
			isa = PBXNativeTarget;
			buildConfigurationList = 309E51F924B8E48400050143 /* Build configuration list for PBXNativeTarget "MrChickenApp" */;
			buildPhases = (
				309E51E624B8E48100050143 /* Sources */,
				309E51E724B8E48100050143 /* Frameworks */,
				309E51E824B8E48100050143 /* Resources */,
			);
			buildRules = (
			);
			dependencies = (
			);
			name = MrChickenApp;
			productName = MrChickenApp;
			productReference = 309E51EA24B8E48100050143 /* MrChickenApp.app */;
			productType = "com.apple.product-type.application";
		};
/* End PBXNativeTarget section */

/* Begin PBXProject section */
		309E51E224B8E48100050143 /* Project object */ = {
			isa = PBXProject;
			attributes = {
				LastSwiftUpdateCheck = 1200;
				LastUpgradeCheck = 1200;
				TargetAttributes = {
					309E51E924B8E48100050143 = {
						CreatedOnToolsVersion = 12.0;
					};
				};
			};
			buildConfigurationList = 309E51E524B8E48100050143 /* Build configuration list for PBXProject "MrChickenApp" */;
			compatibilityVersion = "Xcode 9.3";
			developmentRegion = en;
			hasScannedForEncodings = 0;
			knownRegions = (
				en,
				Base,
			);
			mainGroup = 309E51E124B8E48100050143;
			productRefGroup = 309E51EB24B8E48100050143 /* Products */;
			projectDirPath = "";
			projectRoot = "";
			targets = (
				309E51E924B8E48100050143 /* MrChickenApp */,
			);
		};
/* End PBXProject section */

/* Begin PBXResourcesBuildPhase section */
		309E51E824B8E48100050143 /* Resources */ = {
			isa = PBXResourcesBuildPhase;
			buildActionMask = 2147483647;
			files = (
				309E520024B8E4A900050143 /* video1.mp4 in Resources */,
				309E51F524B8E48400050143 /* Preview Assets.xcassets in Resources */,
				309E51F224B8E48400050143 /* Assets.xcassets in Resources */,
				309E520224B8E4A900050143 /* video2.mp4 in Resources */,
				309E520124B8E4A900050143 /* video3.mp4 in Resources */,
			);
			runOnlyForDeploymentPostprocessing = 0;
		};
/* End PBXResourcesBuildPhase section */

/* Begin PBXSourcesBuildPhase section */
		309E51E624B8E48100050143 /* Sources */ = {
			isa = PBXSourcesBuildPhase;
			buildActionMask = 2147483647;
			files = (
				309E51F024B8E48100050143 /* ContentView.swift in Sources */,
				309E520424B8E4AA00050143 /* Video.swift in Sources */,
				309E51EE24B8E48100050143 /* MrChickenAppApp.swift in Sources */,
				309E520624B8E86800050143 /* VideoPlayerView.swift in Sources */,
			);
			runOnlyForDeploymentPostprocessing = 0;
		};
/* End PBXSourcesBuildPhase section */

/* Begin XCBuildConfiguration section */
		309E51F724B8E48400050143 /* Debug */ = {
			isa = XCBuildConfiguration;
			buildSettings = {
				ALWAYS_SEARCH_USER_PATHS = NO;
				CLANG_ANALYZER_NONNULL = YES;
				CLANG_ANALYZER_NUMBER_OBJECT_CONVERSION = YES_AGGRESSIVE;
				CLANG_CXX_LANGUAGE_STANDARD = "gnu++14";
				CLANG_CXX_LIBRARY = "libc++";
				CLANG_ENABLE_MODULES = YES;
				CLANG_ENABLE_OBJC_ARC = YES;
				CLANG_ENABLE_OBJC_WEAK = YES;
				CLANG_WARN_BLOCK_CAPTURE_AUTORELEASING = YES;
				CLANG_WARN_BOOL_CONVERSION = YES;
				CLANG_WARN_COMMA = YES;
				CLANG_WARN_CONSTANT_CONVERSION = YES;
				CLANG_WARN_DEPRECATED_OBJC_IMPLEMENTATIONS = YES;
				CLANG_WARN_DIRECT_OBJC_ISA_USAGE = YES_ERROR;
				CLANG_WARN_DOCUMENTATION_COMMENTS = YES;
				CLANG_WARN_EMPTY_BODY = YES;
				CLANG_WARN_ENUM_CONVERSION = YES;
				CLANG_WARN_INFINITE_RECURSION = YES;
				CLANG_WARN_INT_CONVERSION = YES;
				CLANG_WARN_NON_LITERAL_NULL_CONVERSION = YES;
				CLANG_WARN_OBJC_IMPLICIT_RETAIN_SELF = YES;
				CLANG_WARN_OBJC_LITERAL_CONVERSION = YES;
				CLANG_WARN_OBJC_ROOT_CLASS = YES_ERROR;
				CLANG_WARN_QUOTED_INCLUDE_IN_FRAMEWORK_HEADER = YES;
				CLANG_WARN_RANGE_LOOP_ANALYSIS = YES;
				CLANG_WARN_STRICT_PROTOTYPES = YES;
				CLANG_WARN_SUSPICIOUS_MOVE = YES;
				CLANG_WARN_UNGUARDED_AVAILABILITY = YES_AGGRESSIVE;
				CLANG_WARN_UNREACHABLE_CODE = YES;
				CLANG_WARN__DUPLICATE_METHOD_MATCH = YES;
				COPY_PHASE_STRIP = NO;
				DEBUG_INFORMATION_FORMAT = dwarf;
				ENABLE_STRICT_OBJC_MSGSEND = YES;
				ENABLE_TESTABILITY = YES;
				GCC_C_LANGUAGE_STANDARD = gnu11;
				GCC_DYNAMIC_NO_PIC = NO;
				GCC_NO_COMMON_BLOCKS = YES;
				GCC_OPTIMIZATION_LEVEL = 0;
				GCC_PREPROCESSOR_DEFINITIONS = (
					"DEBUG=1",
					"$(inherited)",
				);
				GCC_WARN_64_TO_32_BIT_CONVERSION = YES;
				GCC_WARN_ABOUT_RETURN_TYPE = YES_ERROR;
				GCC_WARN_UNDECLARED_SELECTOR = YES;
				GCC_WARN_UNINITIALIZED_AUTOS = YES_AGGRESSIVE;
				GCC_WARN_UNUSED_FUNCTION = YES;
				GCC_WARN_UNUSED_VARIABLE = YES;
				IPHONEOS_DEPLOYMENT_TARGET = 14.0;
				MTL_ENABLE_DEBUG_INFO = INCLUDE_SOURCE;
				MTL_FAST_MATH = YES;
				ONLY_ACTIVE_ARCH = YES;
				SDKROOT = iphoneos;
				SWIFT_ACTIVE_COMPILATION_CONDITIONS = DEBUG;
				SWIFT_OPTIMIZATION_LEVEL = "-Onone";
			};
			name = Debug;
		};
		309E51F824B8E48400050143 /* Release */ = {
			isa = XCBuildConfiguration;
			buildSettings = {
				ALWAYS_SEARCH_USER_PATHS = NO;
				CLANG_ANALYZER_NONNULL = YES;
				CLANG_ANALYZER_NUMBER_OBJECT_CONVERSION = YES_AGGRESSIVE;
				CLANG_CXX_LANGUAGE_STANDARD = "gnu++14";
				CLANG_CXX_LIBRARY = "libc++";
				CLANG_ENABLE_MODULES = YES;
				CLANG_ENABLE_OBJC_ARC = YES;
				CLANG_ENABLE_OBJC_WEAK = YES;
				CLANG_WARN_BLOCK_CAPTURE_AUTORELEASING = YES;
				CLANG_WARN_BOOL_CONVERSION = YES;
				CLANG_WARN_COMMA = YES;
				CLANG_WARN_CONSTANT_CONVERSION = YES;
				CLANG_WARN_DEPRECATED_OBJC_IMPLEMENTATIONS = YES;
				CLANG_WARN_DIRECT_OBJC_ISA_USAGE = YES_ERROR;
				CLANG_WARN_DOCUMENTATION_COMMENTS = YES;
				CLANG_WARN_EMPTY_BODY = YES;
				CLANG_WARN_ENUM_CONVERSION = YES;
				CLANG_WARN_INFINITE_RECURSION = YES;
				CLANG_WARN_INT_CONVERSION = YES;
				CLANG_WARN_NON_LITERAL_NULL_CONVERSION = YES;
				CLANG_WARN_OBJC_IMPLICIT_RETAIN_SELF = YES;
				CLANG_WARN_OBJC_LITERAL_CONVERSION = YES;
				CLANG_WARN_OBJC_ROOT_CLASS = YES_ERROR;
				CLANG_WARN_QUOTED_INCLUDE_IN_FRAMEWORK_HEADER = YES;
				CLANG_WARN_RANGE_LOOP_ANALYSIS = YES;
				CLANG_WARN_STRICT_PROTOTYPES = YES;
				CLANG_WARN_SUSPICIOUS_MOVE = YES;
				CLANG_WARN_UNGUARDED_AVAILABILITY = YES_AGGRESSIVE;
				CLANG_WARN_UNREACHABLE_CODE = YES;
				CLANG_WARN__DUPLICATE_METHOD_MATCH = YES;
				COPY_PHASE_STRIP = NO;
				DEBUG_INFORMATION_FORMAT = "dwarf-with-dsym";
				ENABLE_NS_ASSERTIONS = NO;
				ENABLE_STRICT_OBJC_MSGSEND = YES;
				GCC_C_LANGUAGE_STANDARD = gnu11;
				GCC_NO_COMMON_BLOCKS = YES;
				GCC_WARN_64_TO_32_BIT_CONVERSION = YES;
				GCC_WARN_ABOUT_RETURN_TYPE = YES_ERROR;
				GCC_WARN_UNDECLARED_SELECTOR = YES;
				GCC_WARN_UNINITIALIZED_AUTOS = YES_AGGRESSIVE;
				GCC_WARN_UNUSED_FUNCTION = YES;
				GCC_WARN_UNUSED_VARIABLE = YES;
				IPHONEOS_DEPLOYMENT_TARGET = 14.0;
				MTL_ENABLE_DEBUG_INFO = NO;
				MTL_FAST_MATH = YES;
				SDKROOT = iphoneos;
				SWIFT_COMPILATION_MODE = wholemodule;
				SWIFT_OPTIMIZATION_LEVEL = "-O";
				VALIDATE_PRODUCT = YES;
			};
			name = Release;
		};
		309E51FA24B8E48400050143 /* Debug */ = {
			isa = XCBuildConfiguration;
			buildSettings = {
				ASSETCATALOG_COMPILER_APPICON_NAME = AppIcon;
				ASSETCATALOG_COMPILER_GLOBAL_ACCENT_COLOR_NAME = AccentColor;
				CODE_SIGN_STYLE = Automatic;
				DEVELOPMENT_ASSET_PATHS = "\"MrChickenApp/Preview Content\"";
				DEVELOPMENT_TEAM = 7AZ93CK4F6;
				ENABLE_PREVIEWS = YES;
				INFOPLIST_FILE = MrChickenApp/Info.plist;
				IPHONEOS_DEPLOYMENT_TARGET = 14.0;
				LD_RUNPATH_SEARCH_PATHS = (
					"$(inherited)",
					"@executable_path/Frameworks",
				);
				PRODUCT_BUNDLE_IDENTIFIER = com.appiwedia.apps.ios.MrChickenApp;
				PRODUCT_NAME = "$(TARGET_NAME)";
				SWIFT_VERSION = 5.0;
				TARGETED_DEVICE_FAMILY = "1,2";
			};
			name = Debug;
		};
		309E51FB24B8E48400050143 /* Release */ = {
			isa = XCBuildConfiguration;
			buildSettings = {
				ASSETCATALOG_COMPILER_APPICON_NAME = AppIcon;
				ASSETCATALOG_COMPILER_GLOBAL_ACCENT_COLOR_NAME = AccentColor;
				CODE_SIGN_STYLE = Automatic;
				DEVELOPMENT_ASSET_PATHS = "\"MrChickenApp/Preview Content\"";
				DEVELOPMENT_TEAM = 7AZ93CK4F6;
				ENABLE_PREVIEWS = YES;
				INFOPLIST_FILE = MrChickenApp/Info.plist;
				IPHONEOS_DEPLOYMENT_TARGET = 14.0;
				LD_RUNPATH_SEARCH_PATHS = (
					"$(inherited)",
					"@executable_path/Frameworks",
				);
				PRODUCT_BUNDLE_IDENTIFIER = com.appiwedia.apps.ios.MrChickenApp;
				PRODUCT_NAME = "$(TARGET_NAME)";
				SWIFT_VERSION = 5.0;
				TARGETED_DEVICE_FAMILY = "1,2";
			};
			name = Release;
		};
/* End XCBuildConfiguration section */

/* Begin XCConfigurationList section */
		309E51E524B8E48100050143 /* Build configuration list for PBXProject "MrChickenApp" */ = {
			isa = XCConfigurationList;
			buildConfigurations = (
				309E51F724B8E48400050143 /* Debug */,
				309E51F824B8E48400050143 /* Release */,
			);
			defaultConfigurationIsVisible = 0;
			defaultConfigurationName = Release;
		};
		309E51F924B8E48400050143 /* Build configuration list for PBXNativeTarget "MrChickenApp" */ = {
			isa = XCConfigurationList;
			buildConfigurations = (
				309E51FA24B8E48400050143 /* Debug */,
				309E51FB24B8E48400050143 /* Release */,
			);
			defaultConfigurationIsVisible = 0;
			defaultConfigurationName = Release;
		};
/* End XCConfigurationList section */
	};
	rootObject = 309E51E224B8E48100050143 /* Project object */;
}
